
Microsoft Visual Studio Solution File, Format Version 12.00
# Visual Studio 15
VisualStudioVersion = 15.0.28307.489
MinimumVisualStudioVersion = 10.0.40219.1
Project("{FAE04EC0-301F-11D3-BF4B-00C04F79EFBC}") = "02.09CSharp1", "02.09CSharp1\02.09CSharp1.csproj", "{CC3C6E47-145A-4F35-81AF-76E654579465}"
EndProject
Global
	GlobalSection(SolutionConfigurationPlatforms) = preSolution
		Debug|Any CPU = Debug|Any CPU
		Release|Any CPU = Release|Any CPU
	EndGlobalSection
	GlobalSection(ProjectConfigurationPlatforms) = postSolution
		{CC3C6E47-145A-4F35-81AF-76E654579465}.Debug|Any CPU.ActiveCfg = Debug|Any CPU
		{CC3C6E47-145A-4F35-81AF-76E654579465}.Debug|Any CPU.Build.0 = Debug|Any CPU
		{CC3C6E47-145A-4F35-81AF-76E654579465}.Release|Any CPU.ActiveCfg = Release|Any CPU
		{CC3C6E47-145A-4F35-81AF-76E654579465}.Release|Any CPU.Build.0 = Release|Any CPU
	EndGlobalSection
	GlobalSection(SolutionProperties) = preSolution
		HideSolutionNode = FALSE
	EndGlobalSection
	GlobalSection(ExtensibilityGlobals) = postSolution
		SolutionGuid = {242F2314-F17A-4D60-A0F4-CC3080289219}
	EndGlobalSection
EndGlobal
