
Microsoft Visual Studio Solution File, Format Version 12.00
# Visual Studio 15
VisualStudioVersion = 15.0.28307.489
MinimumVisualStudioVersion = 10.0.40219.1
Project("{FAE04EC0-301F-11D3-BF4B-00C04F79EFBC}") = "Polimorfizm", "Polimorfizm\Polimorfizm.csproj", "{3F5293D1-E2E7-401C-9FA8-19FD06F82105}"
EndProject
Global
	GlobalSection(SolutionConfigurationPlatforms) = preSolution
		Debug|Any CPU = Debug|Any CPU
		Release|Any CPU = Release|Any CPU
	EndGlobalSection
	GlobalSection(ProjectConfigurationPlatforms) = postSolution
		{3F5293D1-E2E7-401C-9FA8-19FD06F82105}.Debug|Any CPU.ActiveCfg = Debug|Any CPU
		{3F5293D1-E2E7-401C-9FA8-19FD06F82105}.Debug|Any CPU.Build.0 = Debug|Any CPU
		{3F5293D1-E2E7-401C-9FA8-19FD06F82105}.Release|Any CPU.ActiveCfg = Release|Any CPU
		{3F5293D1-E2E7-401C-9FA8-19FD06F82105}.Release|Any CPU.Build.0 = Release|Any CPU
	EndGlobalSection
	GlobalSection(SolutionProperties) = preSolution
		HideSolutionNode = FALSE
	EndGlobalSection
	GlobalSection(ExtensibilityGlobals) = postSolution
		SolutionGuid = {7D31EC57-FEAD-4189-A30D-6F0401E1768B}
	EndGlobalSection
EndGlobal
