
Microsoft Visual Studio Solution File, Format Version 12.00
# Visual Studio 15
VisualStudioVersion = 15.0.28307.489
MinimumVisualStudioVersion = 10.0.40219.1
Project("{8BC9CEB8-8B4A-11D0-8D11-00A0C91BC942}") = "PatternAdapter", "PatternAdapter\PatternAdapter.vcxproj", "{7CD2BC03-D13F-48AE-A2FC-99AF2D4492B1}"
EndProject
Global
	GlobalSection(SolutionConfigurationPlatforms) = preSolution
		Debug|x64 = Debug|x64
		Debug|x86 = Debug|x86
		Release|x64 = Release|x64
		Release|x86 = Release|x86
	EndGlobalSection
	GlobalSection(ProjectConfigurationPlatforms) = postSolution
		{7CD2BC03-D13F-48AE-A2FC-99AF2D4492B1}.Debug|x64.ActiveCfg = Debug|x64
		{7CD2BC03-D13F-48AE-A2FC-99AF2D4492B1}.Debug|x64.Build.0 = Debug|x64
		{7CD2BC03-D13F-48AE-A2FC-99AF2D4492B1}.Debug|x86.ActiveCfg = Debug|Win32
		{7CD2BC03-D13F-48AE-A2FC-99AF2D4492B1}.Debug|x86.Build.0 = Debug|Win32
		{7CD2BC03-D13F-48AE-A2FC-99AF2D4492B1}.Release|x64.ActiveCfg = Release|x64
		{7CD2BC03-D13F-48AE-A2FC-99AF2D4492B1}.Release|x64.Build.0 = Release|x64
		{7CD2BC03-D13F-48AE-A2FC-99AF2D4492B1}.Release|x86.ActiveCfg = Release|Win32
		{7CD2BC03-D13F-48AE-A2FC-99AF2D4492B1}.Release|x86.Build.0 = Release|Win32
	EndGlobalSection
	GlobalSection(SolutionProperties) = preSolution
		HideSolutionNode = FALSE
	EndGlobalSection
	GlobalSection(ExtensibilityGlobals) = postSolution
		SolutionGuid = {B2091D53-F7EB-4484-B6A9-94CD3DF0C1B2}
	EndGlobalSection
EndGlobal
