
Microsoft Visual Studio Solution File, Format Version 12.00
# Visual Studio 15
VisualStudioVersion = 15.0.28307.489
MinimumVisualStudioVersion = 10.0.40219.1
Project("{FAE04EC0-301F-11D3-BF4B-00C04F79EFBC}") = "ProductSharp", "ProductSharp\ProductSharp.csproj", "{B2B00496-F9C5-490B-BB26-F02ED3C2F2A2}"
EndProject
Global
	GlobalSection(SolutionConfigurationPlatforms) = preSolution
		Debug|Any CPU = Debug|Any CPU
		Release|Any CPU = Release|Any CPU
	EndGlobalSection
	GlobalSection(ProjectConfigurationPlatforms) = postSolution
		{B2B00496-F9C5-490B-BB26-F02ED3C2F2A2}.Debug|Any CPU.ActiveCfg = Debug|Any CPU
		{B2B00496-F9C5-490B-BB26-F02ED3C2F2A2}.Debug|Any CPU.Build.0 = Debug|Any CPU
		{B2B00496-F9C5-490B-BB26-F02ED3C2F2A2}.Release|Any CPU.ActiveCfg = Release|Any CPU
		{B2B00496-F9C5-490B-BB26-F02ED3C2F2A2}.Release|Any CPU.Build.0 = Release|Any CPU
	EndGlobalSection
	GlobalSection(SolutionProperties) = preSolution
		HideSolutionNode = FALSE
	EndGlobalSection
	GlobalSection(ExtensibilityGlobals) = postSolution
		SolutionGuid = {0C3B50AA-2FA6-4A2E-8D61-FC422802D391}
	EndGlobalSection
EndGlobal
