
Microsoft Visual Studio Solution File, Format Version 12.00
# Visual Studio 15
VisualStudioVersion = 15.0.28307.489
MinimumVisualStudioVersion = 10.0.40219.1
Project("{FAE04EC0-301F-11D3-BF4B-00C04F79EFBC}") = "EnumSharp", "EnumSharp\EnumSharp.csproj", "{0F64A219-1A60-45B2-B526-EBED31E49E7F}"
EndProject
Global
	GlobalSection(SolutionConfigurationPlatforms) = preSolution
		Debug|Any CPU = Debug|Any CPU
		Release|Any CPU = Release|Any CPU
	EndGlobalSection
	GlobalSection(ProjectConfigurationPlatforms) = postSolution
		{0F64A219-1A60-45B2-B526-EBED31E49E7F}.Debug|Any CPU.ActiveCfg = Debug|Any CPU
		{0F64A219-1A60-45B2-B526-EBED31E49E7F}.Debug|Any CPU.Build.0 = Debug|Any CPU
		{0F64A219-1A60-45B2-B526-EBED31E49E7F}.Release|Any CPU.ActiveCfg = Release|Any CPU
		{0F64A219-1A60-45B2-B526-EBED31E49E7F}.Release|Any CPU.Build.0 = Release|Any CPU
	EndGlobalSection
	GlobalSection(SolutionProperties) = preSolution
		HideSolutionNode = FALSE
	EndGlobalSection
	GlobalSection(ExtensibilityGlobals) = postSolution
		SolutionGuid = {B8108B48-D4DB-4C3B-9758-9698860294E0}
	EndGlobalSection
EndGlobal
