
Microsoft Visual Studio Solution File, Format Version 12.00
# Visual Studio 15
VisualStudioVersion = 15.0.28307.489
MinimumVisualStudioVersion = 10.0.40219.1
Project("{FAE04EC0-301F-11D3-BF4B-00C04F79EFBC}") = "redex", "redex\redex.csproj", "{5384BF63-390B-4D0B-BDD3-836058858E7B}"
EndProject
Global
	GlobalSection(SolutionConfigurationPlatforms) = preSolution
		Debug|Any CPU = Debug|Any CPU
		Release|Any CPU = Release|Any CPU
	EndGlobalSection
	GlobalSection(ProjectConfigurationPlatforms) = postSolution
		{5384BF63-390B-4D0B-BDD3-836058858E7B}.Debug|Any CPU.ActiveCfg = Debug|Any CPU
		{5384BF63-390B-4D0B-BDD3-836058858E7B}.Debug|Any CPU.Build.0 = Debug|Any CPU
		{5384BF63-390B-4D0B-BDD3-836058858E7B}.Release|Any CPU.ActiveCfg = Release|Any CPU
		{5384BF63-390B-4D0B-BDD3-836058858E7B}.Release|Any CPU.Build.0 = Release|Any CPU
	EndGlobalSection
	GlobalSection(SolutionProperties) = preSolution
		HideSolutionNode = FALSE
	EndGlobalSection
	GlobalSection(ExtensibilityGlobals) = postSolution
		SolutionGuid = {6467C6FE-28A2-484E-8514-A43FC1B30818}
	EndGlobalSection
EndGlobal
